// !$*UTF8*$!
{
	archiveVersion = 1;
	classes = {
	};
	objectVersion = 50;
	objects = {

/* Begin PBXBuildFile section */
		EF8D003424CED1F100FF4759 /* main.swift in Sources */ = {isa = PBXBuildFile; fileRef = EF8D003324CED1F100FF4759 /* main.swift */; };
		EF8D003B24CED2EF00FF4759 /* Game.swift in Sources */ = {isa = PBXBuildFile; fileRef = EF8D003A24CED2EF00FF4759 /* Game.swift */; };
		EF8D003D24CED44A00FF4759 /* Player.swift in Sources */ = {isa = PBXBuildFile; fileRef = EF8D003C24CED44A00FF4759 /* Player.swift */; };
		EF8D003F24CED46D00FF4759 /* Character.swift in Sources */ = {isa = PBXBuildFile; fileRef = EF8D003E24CED46D00FF4759 /* Character.swift */; };
		EF8D004124CED48C00FF4759 /* Weapon.swift in Sources */ = {isa = PBXBuildFile; fileRef = EF8D004024CED48C00FF4759 /* Weapon.swift */; };
		EF9BBA5224D180EC0014F753 /* Magicien.swift in Sources */ = {isa = PBXBuildFile; fileRef = EF9BBA5124D180EC0014F753 /* Magicien.swift */; };
/* End PBXBuildFile section */

/* Begin PBXCopyFilesBuildPhase section */
		EF8D002E24CED1F100FF4759 /* CopyFiles */ = {
			isa = PBXCopyFilesBuildPhase;
			buildActionMask = 2147483647;
			dstPath = /usr/share/man/man1/;
			dstSubfolderSpec = 0;
			files = (
			);
			runOnlyForDeploymentPostprocessing = 1;
		};
/* End PBXCopyFilesBuildPhase section */

/* Begin PBXFileReference section */
		EF8D003024CED1F100FF4759 /* P3-game */ = {isa = PBXFileReference; explicitFileType = "compiled.mach-o.executable"; includeInIndex = 0; path = "P3-game"; sourceTree = BUILT_PRODUCTS_DIR; };
		EF8D003324CED1F100FF4759 /* main.swift */ = {isa = PBXFileReference; lastKnownFileType = sourcecode.swift; path = main.swift; sourceTree = "<group>"; };
		EF8D003A24CED2EF00FF4759 /* Game.swift */ = {isa = PBXFileReference; lastKnownFileType = sourcecode.swift; path = Game.swift; sourceTree = "<group>"; };
		EF8D003C24CED44A00FF4759 /* Player.swift */ = {isa = PBXFileReference; lastKnownFileType = sourcecode.swift; path = Player.swift; sourceTree = "<group>"; };
		EF8D003E24CED46D00FF4759 /* Character.swift */ = {isa = PBXFileReference; lastKnownFileType = sourcecode.swift; path = Character.swift; sourceTree = "<group>"; };
		EF8D004024CED48C00FF4759 /* Weapon.swift */ = {isa = PBXFileReference; lastKnownFileType = sourcecode.swift; path = Weapon.swift; sourceTree = "<group>"; };
		EF9BBA5124D180EC0014F753 /* Magicien.swift */ = {isa = PBXFileReference; lastKnownFileType = sourcecode.swift; path = Magicien.swift; sourceTree = "<group>"; };
/* End PBXFileReference section */

/* Begin PBXFrameworksBuildPhase section */
		EF8D002D24CED1F100FF4759 /* Frameworks */ = {
			isa = PBXFrameworksBuildPhase;
			buildActionMask = 2147483647;
			files = (
			);
			runOnlyForDeploymentPostprocessing = 0;
		};
/* End PBXFrameworksBuildPhase section */

/* Begin PBXGroup section */
		EF8D002724CED1F100FF4759 = {
			isa = PBXGroup;
			children = (
				EF8D003224CED1F100FF4759 /* P3-game */,
				EF8D003124CED1F100FF4759 /* Products */,
			);
			sourceTree = "<group>";
		};
		EF8D003124CED1F100FF4759 /* Products */ = {
			isa = PBXGroup;
			children = (
				EF8D003024CED1F100FF4759 /* P3-game */,
			);
			name = Products;
			sourceTree = "<group>";
		};
		EF8D003224CED1F100FF4759 /* P3-game */ = {
			isa = PBXGroup;
			children = (
				EF8D003324CED1F100FF4759 /* main.swift */,
				EF8D003A24CED2EF00FF4759 /* Game.swift */,
				EF8D003C24CED44A00FF4759 /* Player.swift */,
				EF8D003E24CED46D00FF4759 /* Character.swift */,
				EF9BBA5124D180EC0014F753 /* Magicien.swift */,
				EF8D004024CED48C00FF4759 /* Weapon.swift */,
			);
			path = "P3-game";
			sourceTree = "<group>";
		};
/* End PBXGroup section */

/* Begin PBXNativeTarget section */
		EF8D002F24CED1F100FF4759 /* P3-game */ = {
			isa = PBXNativeTarget;
			buildConfigurationList = EF8D003724CED1F100FF4759 /* Build configuration list for PBXNativeTarget "P3-game" */;
			buildPhases = (
				EF8D002C24CED1F100FF4759 /* Sources */,
				EF8D002D24CED1F100FF4759 /* Frameworks */,
				EF8D002E24CED1F100FF4759 /* CopyFiles */,
			);
			buildRules = (
			);
			dependencies = (
			);
			name = "P3-game";
			productName = "P3-game";
			productReference = EF8D003024CED1F100FF4759 /* P3-game */;
			productType = "com.apple.product-type.tool";
		};
/* End PBXNativeTarget section */

/* Begin PBXProject section */
		EF8D002824CED1F100FF4759 /* Project object */ = {
			isa = PBXProject;
			attributes = {
				LastSwiftUpdateCheck = 1160;
				LastUpgradeCheck = 1160;
				ORGANIZATIONNAME = "Manon Russo";
				TargetAttributes = {
					EF8D002F24CED1F100FF4759 = {
						CreatedOnToolsVersion = 11.6;
					};
				};
			};
			buildConfigurationList = EF8D002B24CED1F100FF4759 /* Build configuration list for PBXProject "P3-game" */;
			compatibilityVersion = "Xcode 9.3";
			developmentRegion = en;
			hasScannedForEncodings = 0;
			knownRegions = (
				en,
				Base,
			);
			mainGroup = EF8D002724CED1F100FF4759;
			productRefGroup = EF8D003124CED1F100FF4759 /* Products */;
			projectDirPath = "";
			projectRoot = "";
			targets = (
				EF8D002F24CED1F100FF4759 /* P3-game */,
			);
		};
/* End PBXProject section */

/* Begin PBXSourcesBuildPhase section */
		EF8D002C24CED1F100FF4759 /* Sources */ = {
			isa = PBXSourcesBuildPhase;
			buildActionMask = 2147483647;
			files = (
				EF8D004124CED48C00FF4759 /* Weapon.swift in Sources */,
				EF8D003424CED1F100FF4759 /* main.swift in Sources */,
				EF8D003D24CED44A00FF4759 /* Player.swift in Sources */,
				EF8D003B24CED2EF00FF4759 /* Game.swift in Sources */,
				EF9BBA5224D180EC0014F753 /* Magicien.swift in Sources */,
				EF8D003F24CED46D00FF4759 /* Character.swift in Sources */,
			);
			runOnlyForDeploymentPostprocessing = 0;
		};
/* End PBXSourcesBuildPhase section */

/* Begin XCBuildConfiguration section */
		EF8D003524CED1F100FF4759 /* Debug */ = {
			isa = XCBuildConfiguration;
			buildSettings = {
				ALWAYS_SEARCH_USER_PATHS = NO;
				CLANG_ANALYZER_NONNULL = YES;
				CLANG_ANALYZER_NUMBER_OBJECT_CONVERSION = YES_AGGRESSIVE;
				CLANG_CXX_LANGUAGE_STANDARD = "gnu++14";
				CLANG_CXX_LIBRARY = "libc++";
				CLANG_ENABLE_MODULES = YES;
				CLANG_ENABLE_OBJC_ARC = YES;
				CLANG_ENABLE_OBJC_WEAK = YES;
				CLANG_WARN_BLOCK_CAPTURE_AUTORELEASING = YES;
				CLANG_WARN_BOOL_CONVERSION = YES;
				CLANG_WARN_COMMA = YES;
				CLANG_WARN_CONSTANT_CONVERSION = YES;
				CLANG_WARN_DEPRECATED_OBJC_IMPLEMENTATIONS = YES;
				CLANG_WARN_DIRECT_OBJC_ISA_USAGE = YES_ERROR;
				CLANG_WARN_DOCUMENTATION_COMMENTS = YES;
				CLANG_WARN_EMPTY_BODY = YES;
				CLANG_WARN_ENUM_CONVERSION = YES;
				CLANG_WARN_INFINITE_RECURSION = YES;
				CLANG_WARN_INT_CONVERSION = YES;
				CLANG_WARN_NON_LITERAL_NULL_CONVERSION = YES;
				CLANG_WARN_OBJC_IMPLICIT_RETAIN_SELF = YES;
				CLANG_WARN_OBJC_LITERAL_CONVERSION = YES;
				CLANG_WARN_OBJC_ROOT_CLASS = YES_ERROR;
				CLANG_WARN_RANGE_LOOP_ANALYSIS = YES;
				CLANG_WARN_STRICT_PROTOTYPES = YES;
				CLANG_WARN_SUSPICIOUS_MOVE = YES;
				CLANG_WARN_UNGUARDED_AVAILABILITY = YES_AGGRESSIVE;
				CLANG_WARN_UNREACHABLE_CODE = YES;
				CLANG_WARN__DUPLICATE_METHOD_MATCH = YES;
				COPY_PHASE_STRIP = NO;
				DEBUG_INFORMATION_FORMAT = dwarf;
				ENABLE_STRICT_OBJC_MSGSEND = YES;
				ENABLE_TESTABILITY = YES;
				GCC_C_LANGUAGE_STANDARD = gnu11;
				GCC_DYNAMIC_NO_PIC = NO;
				GCC_NO_COMMON_BLOCKS = YES;
				GCC_OPTIMIZATION_LEVEL = 0;
				GCC_PREPROCESSOR_DEFINITIONS = (
					"DEBUG=1",
					"$(inherited)",
				);
				GCC_WARN_64_TO_32_BIT_CONVERSION = YES;
				GCC_WARN_ABOUT_RETURN_TYPE = YES_ERROR;
				GCC_WARN_UNDECLARED_SELECTOR = YES;
				GCC_WARN_UNINITIALIZED_AUTOS = YES_AGGRESSIVE;
				GCC_WARN_UNUSED_FUNCTION = YES;
				GCC_WARN_UNUSED_VARIABLE = YES;
				MACOSX_DEPLOYMENT_TARGET = 10.15;
				MTL_ENABLE_DEBUG_INFO = INCLUDE_SOURCE;
				MTL_FAST_MATH = YES;
				ONLY_ACTIVE_ARCH = YES;
				SDKROOT = macosx;
				SWIFT_ACTIVE_COMPILATION_CONDITIONS = DEBUG;
				SWIFT_OPTIMIZATION_LEVEL = "-Onone";
			};
			name = Debug;
		};
		EF8D003624CED1F100FF4759 /* Release */ = {
			isa = XCBuildConfiguration;
			buildSettings = {
				ALWAYS_SEARCH_USER_PATHS = NO;
				CLANG_ANALYZER_NONNULL = YES;
				CLANG_ANALYZER_NUMBER_OBJECT_CONVERSION = YES_AGGRESSIVE;
				CLANG_CXX_LANGUAGE_STANDARD = "gnu++14";
				CLANG_CXX_LIBRARY = "libc++";
				CLANG_ENABLE_MODULES = YES;
				CLANG_ENABLE_OBJC_ARC = YES;
				CLANG_ENABLE_OBJC_WEAK = YES;
				CLANG_WARN_BLOCK_CAPTURE_AUTORELEASING = YES;
				CLANG_WARN_BOOL_CONVERSION = YES;
				CLANG_WARN_COMMA = YES;
				CLANG_WARN_CONSTANT_CONVERSION = YES;
				CLANG_WARN_DEPRECATED_OBJC_IMPLEMENTATIONS = YES;
				CLANG_WARN_DIRECT_OBJC_ISA_USAGE = YES_ERROR;
				CLANG_WARN_DOCUMENTATION_COMMENTS = YES;
				CLANG_WARN_EMPTY_BODY = YES;
				CLANG_WARN_ENUM_CONVERSION = YES;
				CLANG_WARN_INFINITE_RECURSION = YES;
				CLANG_WARN_INT_CONVERSION = YES;
				CLANG_WARN_NON_LITERAL_NULL_CONVERSION = YES;
				CLANG_WARN_OBJC_IMPLICIT_RETAIN_SELF = YES;
				CLANG_WARN_OBJC_LITERAL_CONVERSION = YES;
				CLANG_WARN_OBJC_ROOT_CLASS = YES_ERROR;
				CLANG_WARN_RANGE_LOOP_ANALYSIS = YES;
				CLANG_WARN_STRICT_PROTOTYPES = YES;
				CLANG_WARN_SUSPICIOUS_MOVE = YES;
				CLANG_WARN_UNGUARDED_AVAILABILITY = YES_AGGRESSIVE;
				CLANG_WARN_UNREACHABLE_CODE = YES;
				CLANG_WARN__DUPLICATE_METHOD_MATCH = YES;
				COPY_PHASE_STRIP = NO;
				DEBUG_INFORMATION_FORMAT = "dwarf-with-dsym";
				ENABLE_NS_ASSERTIONS = NO;
				ENABLE_STRICT_OBJC_MSGSEND = YES;
				GCC_C_LANGUAGE_STANDARD = gnu11;
				GCC_NO_COMMON_BLOCKS = YES;
				GCC_WARN_64_TO_32_BIT_CONVERSION = YES;
				GCC_WARN_ABOUT_RETURN_TYPE = YES_ERROR;
				GCC_WARN_UNDECLARED_SELECTOR = YES;
				GCC_WARN_UNINITIALIZED_AUTOS = YES_AGGRESSIVE;
				GCC_WARN_UNUSED_FUNCTION = YES;
				GCC_WARN_UNUSED_VARIABLE = YES;
				MACOSX_DEPLOYMENT_TARGET = 10.15;
				MTL_ENABLE_DEBUG_INFO = NO;
				MTL_FAST_MATH = YES;
				SDKROOT = macosx;
				SWIFT_COMPILATION_MODE = wholemodule;
				SWIFT_OPTIMIZATION_LEVEL = "-O";
			};
			name = Release;
		};
		EF8D003824CED1F100FF4759 /* Debug */ = {
			isa = XCBuildConfiguration;
			buildSettings = {
				CODE_SIGN_STYLE = Automatic;
				PRODUCT_NAME = "$(TARGET_NAME)";
				SWIFT_VERSION = 5.0;
			};
			name = Debug;
		};
		EF8D003924CED1F100FF4759 /* Release */ = {
			isa = XCBuildConfiguration;
			buildSettings = {
				CODE_SIGN_STYLE = Automatic;
				PRODUCT_NAME = "$(TARGET_NAME)";
				SWIFT_VERSION = 5.0;
			};
			name = Release;
		};
/* End XCBuildConfiguration section */

/* Begin XCConfigurationList section */
		EF8D002B24CED1F100FF4759 /* Build configuration list for PBXProject "P3-game" */ = {
			isa = XCConfigurationList;
			buildConfigurations = (
				EF8D003524CED1F100FF4759 /* Debug */,
				EF8D003624CED1F100FF4759 /* Release */,
			);
			defaultConfigurationIsVisible = 0;
			defaultConfigurationName = Release;
		};
		EF8D003724CED1F100FF4759 /* Build configuration list for PBXNativeTarget "P3-game" */ = {
			isa = XCConfigurationList;
			buildConfigurations = (
				EF8D003824CED1F100FF4759 /* Debug */,
				EF8D003924CED1F100FF4759 /* Release */,
			);
			defaultConfigurationIsVisible = 0;
			defaultConfigurationName = Release;
		};
/* End XCConfigurationList section */
	};
	rootObject = EF8D002824CED1F100FF4759 /* Project object */;
}
